
Microsoft Visual Studio Solution File, Format Version 12.00
# Visual Studio Version 17
VisualStudioVersion = 17.14.36203.30
MinimumVisualStudioVersion = 10.0.40219.1
Project("{FAE04EC0-301F-11D3-BF4B-00C04F79EFBC}") = "GemTex.Xa.Blazor.DateTimeEditor", "GemTex.Xa.Blazor.DateTimeEditor.csproj", "{EEB43BCB-1CE3-4C87-A443-DABFB7C28BCB}"
EndProject
Global
	GlobalSection(SolutionConfigurationPlatforms) = preSolution
		Debug|Any CPU = Debug|Any CPU
		Release|Any CPU = Release|Any CPU
	EndGlobalSection
	GlobalSection(ProjectConfigurationPlatforms) = postSolution
		{EEB43BCB-1CE3-4C87-A443-DABFB7C28BCB}.Debug|Any CPU.ActiveCfg = Debug|Any CPU
		{EEB43BCB-1CE3-4C87-A443-DABFB7C28BCB}.Debug|Any CPU.Build.0 = Debug|Any CPU
		{EEB43BCB-1CE3-4C87-A443-DABFB7C28BCB}.Release|Any CPU.ActiveCfg = Release|Any CPU
		{EEB43BCB-1CE3-4C87-A443-DABFB7C28BCB}.Release|Any CPU.Build.0 = Release|Any CPU
	EndGlobalSection
	GlobalSection(SolutionProperties) = preSolution
		HideSolutionNode = FALSE
	EndGlobalSection
	GlobalSection(ExtensibilityGlobals) = postSolution
		SolutionGuid = {0B136D52-3E3E-425C-8F3C-0B6F2BB8D773}
	EndGlobalSection
EndGlobal
